
Microsoft Visual Studio Solution File, Format Version 12.00
# Visual Studio Version 16
VisualStudioVersion = 16.0.31019.35
MinimumVisualStudioVersion = 10.0.40219.1
Project("{9A19103F-16F7-4668-BE54-9A1E7A4F7556}") = "DiscordBot", "DiscordBot\DiscordBot.csproj", "{9E7BA1AA-889C-4CF2-AFDD-D6C14D52F351}"
EndProject
Project("{9A19103F-16F7-4668-BE54-9A1E7A4F7556}") = "DiscordBot.Database", "DiscordBot.Database\DiscordBot.Database.csproj", "{98967B5F-7B3C-46D5-9903-5EF1CEA41BC3}"
EndProject
Project("{9A19103F-16F7-4668-BE54-9A1E7A4F7556}") = "DiscordBot.Perspectiveapi", "DiscordBot.Perspectiveapi\DiscordBot.Perspectiveapi.csproj", "{EE3F7871-967B-4533-A1B0-1A8C21D9C229}"
EndProject
Project("{9A19103F-16F7-4668-BE54-9A1E7A4F7556}") = "DiscordBot.OpenWeather", "DiscordBot.OpenWeather\DiscordBot.OpenWeather.csproj", "{DFAB89C2-FA35-43AD-89CC-CB0EA6EA9B43}"
EndProject
Project("{FAE04EC0-301F-11D3-BF4B-00C04F79EFBC}") = "DiscordBot.Configuration", "DiscordBot.Configuration\DiscordBot.Configuration.csproj", "{F3BCDA17-A022-4B1D-BB82-C9950C968AC5}"
EndProject
Global
	GlobalSection(SolutionConfigurationPlatforms) = preSolution
		Debug|Any CPU = Debug|Any CPU
		Release|Any CPU = Release|Any CPU
	EndGlobalSection
	GlobalSection(ProjectConfigurationPlatforms) = postSolution
		{9E7BA1AA-889C-4CF2-AFDD-D6C14D52F351}.Debug|Any CPU.ActiveCfg = Debug|Any CPU
		{9E7BA1AA-889C-4CF2-AFDD-D6C14D52F351}.Debug|Any CPU.Build.0 = Debug|Any CPU
		{9E7BA1AA-889C-4CF2-AFDD-D6C14D52F351}.Release|Any CPU.ActiveCfg = Release|Any CPU
		{9E7BA1AA-889C-4CF2-AFDD-D6C14D52F351}.Release|Any CPU.Build.0 = Release|Any CPU
		{98967B5F-7B3C-46D5-9903-5EF1CEA41BC3}.Debug|Any CPU.ActiveCfg = Debug|Any CPU
		{98967B5F-7B3C-46D5-9903-5EF1CEA41BC3}.Debug|Any CPU.Build.0 = Debug|Any CPU
		{98967B5F-7B3C-46D5-9903-5EF1CEA41BC3}.Release|Any CPU.ActiveCfg = Release|Any CPU
		{98967B5F-7B3C-46D5-9903-5EF1CEA41BC3}.Release|Any CPU.Build.0 = Release|Any CPU
		{EE3F7871-967B-4533-A1B0-1A8C21D9C229}.Debug|Any CPU.ActiveCfg = Debug|Any CPU
		{EE3F7871-967B-4533-A1B0-1A8C21D9C229}.Debug|Any CPU.Build.0 = Debug|Any CPU
		{EE3F7871-967B-4533-A1B0-1A8C21D9C229}.Release|Any CPU.ActiveCfg = Release|Any CPU
		{EE3F7871-967B-4533-A1B0-1A8C21D9C229}.Release|Any CPU.Build.0 = Release|Any CPU
		{DFAB89C2-FA35-43AD-89CC-CB0EA6EA9B43}.Debug|Any CPU.ActiveCfg = Debug|Any CPU
		{DFAB89C2-FA35-43AD-89CC-CB0EA6EA9B43}.Debug|Any CPU.Build.0 = Debug|Any CPU
		{DFAB89C2-FA35-43AD-89CC-CB0EA6EA9B43}.Release|Any CPU.ActiveCfg = Release|Any CPU
		{DFAB89C2-FA35-43AD-89CC-CB0EA6EA9B43}.Release|Any CPU.Build.0 = Release|Any CPU
		{F3BCDA17-A022-4B1D-BB82-C9950C968AC5}.Debug|Any CPU.ActiveCfg = Debug|Any CPU
		{F3BCDA17-A022-4B1D-BB82-C9950C968AC5}.Debug|Any CPU.Build.0 = Debug|Any CPU
		{F3BCDA17-A022-4B1D-BB82-C9950C968AC5}.Release|Any CPU.ActiveCfg = Release|Any CPU
		{F3BCDA17-A022-4B1D-BB82-C9950C968AC5}.Release|Any CPU.Build.0 = Release|Any CPU
	EndGlobalSection
	GlobalSection(SolutionProperties) = preSolution
		HideSolutionNode = FALSE
	EndGlobalSection
	GlobalSection(ExtensibilityGlobals) = postSolution
		SolutionGuid = {9ED752F9-09FD-4BE6-A6E1-0207B4678DF4}
	EndGlobalSection
EndGlobal
